// !$*UTF8*$!
{
	archiveVersion = 1;
	classes = {
	};
	objectVersion = 46;
	objects = {

/* Begin PBXBuildFile section */
		79026EEB137EFD1D00939183 /* CJSONDeserializer.h in Headers */ = {isa = PBXBuildFile; fileRef = 79026EEA137EFD1D00939183 /* CJSONDeserializer.h */; };
		79026EEE137EFD5A00939183 /* CDataScanner.h in Headers */ = {isa = PBXBuildFile; fileRef = 79026EEC137EFD5A00939183 /* CDataScanner.h */; };
		79026EEF137EFD5A00939183 /* CJSONDeserializer.h in Headers */ = {isa = PBXBuildFile; fileRef = 79026EED137EFD5A00939183 /* CJSONDeserializer.h */; };
		7929D9CB137B55A300D3185B /* Couchbase.h in Headers */ = {isa = PBXBuildFile; fileRef = 7929D9C9137B558400D3185B /* Couchbase.h */; };
		7929D9D2137B572400D3185B /* libCouchbase-iphoneos.a in Frameworks */ = {isa = PBXBuildFile; fileRef = 7929D9D0137B572400D3185B /* libCouchbase-iphoneos.a */; };
		7929D9D3137B572400D3185B /* libCouchbase-iphonesimulator.a in Frameworks */ = {isa = PBXBuildFile; fileRef = 7929D9D1137B572400D3185B /* libCouchbase-iphonesimulator.a */; };
		7929D9D5137B574900D3185B /* Couchbase.bundle in Resources */ = {isa = PBXBuildFile; fileRef = 7929D9D4137B574900D3185B /* Couchbase.bundle */; };
		7929D9D7137B5AB800D3185B /* libstdc++.dylib in Frameworks */ = {isa = PBXBuildFile; fileRef = 7929D9D6137B5AB800D3185B /* libstdc++.dylib */; };
		BC2F6357135DDF0600C63709 /* DetailViewController.m in Sources */ = {isa = PBXBuildFile; fileRef = BC2F6355135DDF0600C63709 /* DetailViewController.m */; };
		BC2F6358135DDF0600C63709 /* DetailViewController.xib in Resources */ = {isa = PBXBuildFile; fileRef = BC2F6356135DDF0600C63709 /* DetailViewController.xib */; };
		BCB6428F135D7F5000DA6256 /* UIKit.framework in Frameworks */ = {isa = PBXBuildFile; fileRef = BCB6428E135D7F5000DA6256 /* UIKit.framework */; };
		BCB64291135D7F5000DA6256 /* Foundation.framework in Frameworks */ = {isa = PBXBuildFile; fileRef = BCB64290135D7F5000DA6256 /* Foundation.framework */; };
		BCB64293135D7F5000DA6256 /* CoreGraphics.framework in Frameworks */ = {isa = PBXBuildFile; fileRef = BCB64292135D7F5000DA6256 /* CoreGraphics.framework */; };
		BCB64299135D7F5000DA6256 /* InfoPlist.strings in Resources */ = {isa = PBXBuildFile; fileRef = BCB64297135D7F5000DA6256 /* InfoPlist.strings */; };
		BCB6429C135D7F5000DA6256 /* main.m in Sources */ = {isa = PBXBuildFile; fileRef = BCB6429B135D7F5000DA6256 /* main.m */; };
		BCB6429F135D7F5000DA6256 /* OnTheSpotAppDelegate.m in Sources */ = {isa = PBXBuildFile; fileRef = BCB6429E135D7F5000DA6256 /* OnTheSpotAppDelegate.m */; };
		BCB642A2135D7F5000DA6256 /* MainWindow.xib in Resources */ = {isa = PBXBuildFile; fileRef = BCB642A0135D7F5000DA6256 /* MainWindow.xib */; };
		BCB642A5135D7F5000DA6256 /* RootViewController.m in Sources */ = {isa = PBXBuildFile; fileRef = BCB642A4135D7F5000DA6256 /* RootViewController.m */; };
		BCB642A8135D7F5000DA6256 /* RootViewController.xib in Resources */ = {isa = PBXBuildFile; fileRef = BCB642A6135D7F5000DA6256 /* RootViewController.xib */; };
		BCBD6725135D8E4D00B25825 /* Default.png in Resources */ = {isa = PBXBuildFile; fileRef = BCBD6723135D8E4D00B25825 /* Default.png */; };
		BCBD6726135D8E4D00B25825 /* Default@2x.png in Resources */ = {isa = PBXBuildFile; fileRef = BCBD6724135D8E4D00B25825 /* Default@2x.png */; };
		BCBD6728135D94C200B25825 /* CoreMotion.framework in Frameworks */ = {isa = PBXBuildFile; fileRef = BCBD6727135D94C200B25825 /* CoreMotion.framework */; };
		BCC6E840135DE2EC00BBA835 /* CoreLocation.framework in Frameworks */ = {isa = PBXBuildFile; fileRef = BCC6E83F135DE2EC00BBA835 /* CoreLocation.framework */; };
		BCC6E87C1360337C00BBA835 /* libTouchJSON.a in Frameworks */ = {isa = PBXBuildFile; fileRef = BCC6E87B1360337C00BBA835 /* libTouchJSON.a */; };
/* End PBXBuildFile section */

/* Begin PBXContainerItemProxy section */
		BCC6E8771360336800BBA835 /* PBXContainerItemProxy */ = {
			isa = PBXContainerItemProxy;
			containerPortal = BCC6E8701360336800BBA835 /* TouchJSON-iOS.xcodeproj */;
			proxyType = 2;
			remoteGlobalIDString = 37A8C0F312B720A8009953BD;
			remoteInfo = TouchJSON;
		};
		BCC6E8791360337500BBA835 /* PBXContainerItemProxy */ = {
			isa = PBXContainerItemProxy;
			containerPortal = BCC6E8701360336800BBA835 /* TouchJSON-iOS.xcodeproj */;
			proxyType = 1;
			remoteGlobalIDString = D2AAC07D0554694100DB518D;
			remoteInfo = TouchJSON;
		};
/* End PBXContainerItemProxy section */

/* Begin PBXFileReference section */
		79026EEA137EFD1D00939183 /* CJSONDeserializer.h */ = {isa = PBXFileReference; fileEncoding = 4; lastKnownFileType = sourcecode.c.h; name = CJSONDeserializer.h; path = ../Vendor/TouchJSON/Source/JSON/CJSONDeserializer.h; sourceTree = "<group>"; };
		79026EEC137EFD5A00939183 /* CDataScanner.h */ = {isa = PBXFileReference; fileEncoding = 4; lastKnownFileType = sourcecode.c.h; name = CDataScanner.h; path = ../Vendor/TouchJSON/Source/CDataScanner.h; sourceTree = "<group>"; };
		79026EED137EFD5A00939183 /* CJSONDeserializer.h */ = {isa = PBXFileReference; fileEncoding = 4; lastKnownFileType = sourcecode.c.h; name = CJSONDeserializer.h; path = ../Vendor/TouchJSON/Source/JSON/CJSONDeserializer.h; sourceTree = "<group>"; };
		7929D9C9137B558400D3185B /* Couchbase.h */ = {isa = PBXFileReference; fileEncoding = 4; lastKnownFileType = sourcecode.c.h; path = Couchbase.h; sourceTree = "<group>"; };
		7929D9D0137B572400D3185B /* libCouchbase-iphoneos.a */ = {isa = PBXFileReference; lastKnownFileType = archive.ar; path = "libCouchbase-iphoneos.a"; sourceTree = "<group>"; };
		7929D9D1137B572400D3185B /* libCouchbase-iphonesimulator.a */ = {isa = PBXFileReference; lastKnownFileType = archive.ar; path = "libCouchbase-iphonesimulator.a"; sourceTree = "<group>"; };
		7929D9D4137B574900D3185B /* Couchbase.bundle */ = {isa = PBXFileReference; lastKnownFileType = "wrapper.plug-in"; path = Couchbase.bundle; sourceTree = "<group>"; };
		7929D9D6137B5AB800D3185B /* libstdc++.dylib */ = {isa = PBXFileReference; lastKnownFileType = "compiled.mach-o.dylib"; name = "libstdc++.dylib"; path = "usr/lib/gcc/arm-apple-darwin10/4.0.1/libstdc++.dylib"; sourceTree = SDKROOT; };
		BC2F6354135DDF0600C63709 /* DetailViewController.h */ = {isa = PBXFileReference; fileEncoding = 4; lastKnownFileType = sourcecode.c.h; path = DetailViewController.h; sourceTree = "<group>"; };
		BC2F6355135DDF0600C63709 /* DetailViewController.m */ = {isa = PBXFileReference; fileEncoding = 4; lastKnownFileType = sourcecode.c.objc; path = DetailViewController.m; sourceTree = "<group>"; };
		BC2F6356135DDF0600C63709 /* DetailViewController.xib */ = {isa = PBXFileReference; fileEncoding = 4; lastKnownFileType = file.xib; path = DetailViewController.xib; sourceTree = "<group>"; };
		BCB6428A135D7F5000DA6256 /* OnTheSpot.app */ = {isa = PBXFileReference; explicitFileType = wrapper.application; includeInIndex = 0; path = OnTheSpot.app; sourceTree = BUILT_PRODUCTS_DIR; };
		BCB6428E135D7F5000DA6256 /* UIKit.framework */ = {isa = PBXFileReference; lastKnownFileType = wrapper.framework; name = UIKit.framework; path = System/Library/Frameworks/UIKit.framework; sourceTree = SDKROOT; };
		BCB64290135D7F5000DA6256 /* Foundation.framework */ = {isa = PBXFileReference; lastKnownFileType = wrapper.framework; name = Foundation.framework; path = System/Library/Frameworks/Foundation.framework; sourceTree = SDKROOT; };
		BCB64292135D7F5000DA6256 /* CoreGraphics.framework */ = {isa = PBXFileReference; lastKnownFileType = wrapper.framework; name = CoreGraphics.framework; path = System/Library/Frameworks/CoreGraphics.framework; sourceTree = SDKROOT; };
		BCB64296135D7F5000DA6256 /* OnTheSpot-Info.plist */ = {isa = PBXFileReference; lastKnownFileType = text.plist.xml; path = "OnTheSpot-Info.plist"; sourceTree = "<group>"; };
		BCB64298135D7F5000DA6256 /* en */ = {isa = PBXFileReference; lastKnownFileType = text.plist.strings; name = en; path = en.lproj/InfoPlist.strings; sourceTree = "<group>"; };
		BCB6429A135D7F5000DA6256 /* OnTheSpot-Prefix.pch */ = {isa = PBXFileReference; lastKnownFileType = sourcecode.c.h; path = "OnTheSpot-Prefix.pch"; sourceTree = "<group>"; };
		BCB6429B135D7F5000DA6256 /* main.m */ = {isa = PBXFileReference; lastKnownFileType = sourcecode.c.objc; path = main.m; sourceTree = "<group>"; };
		BCB6429D135D7F5000DA6256 /* OnTheSpotAppDelegate.h */ = {isa = PBXFileReference; lastKnownFileType = sourcecode.c.h; path = OnTheSpotAppDelegate.h; sourceTree = "<group>"; };
		BCB6429E135D7F5000DA6256 /* OnTheSpotAppDelegate.m */ = {isa = PBXFileReference; lastKnownFileType = sourcecode.c.objc; path = OnTheSpotAppDelegate.m; sourceTree = "<group>"; };
		BCB642A1135D7F5000DA6256 /* en */ = {isa = PBXFileReference; lastKnownFileType = file.xib; name = en; path = en.lproj/MainWindow.xib; sourceTree = "<group>"; };
		BCB642A3135D7F5000DA6256 /* RootViewController.h */ = {isa = PBXFileReference; lastKnownFileType = sourcecode.c.h; path = RootViewController.h; sourceTree = "<group>"; };
		BCB642A4135D7F5000DA6256 /* RootViewController.m */ = {isa = PBXFileReference; lastKnownFileType = sourcecode.c.objc; path = RootViewController.m; sourceTree = "<group>"; };
		BCB642A7135D7F5000DA6256 /* en */ = {isa = PBXFileReference; lastKnownFileType = file.xib; name = en; path = en.lproj/RootViewController.xib; sourceTree = "<group>"; };
		BCBD6723135D8E4D00B25825 /* Default.png */ = {isa = PBXFileReference; lastKnownFileType = image.png; path = Default.png; sourceTree = "<group>"; };
		BCBD6724135D8E4D00B25825 /* Default@2x.png */ = {isa = PBXFileReference; lastKnownFileType = image.png; path = "Default@2x.png"; sourceTree = "<group>"; };
		BCBD6727135D94C200B25825 /* CoreMotion.framework */ = {isa = PBXFileReference; lastKnownFileType = wrapper.framework; name = CoreMotion.framework; path = System/Library/Frameworks/CoreMotion.framework; sourceTree = SDKROOT; };
		BCC6E83F135DE2EC00BBA835 /* CoreLocation.framework */ = {isa = PBXFileReference; lastKnownFileType = wrapper.framework; name = CoreLocation.framework; path = System/Library/Frameworks/CoreLocation.framework; sourceTree = SDKROOT; };
		BCC6E8701360336800BBA835 /* TouchJSON-iOS.xcodeproj */ = {isa = PBXFileReference; lastKnownFileType = "wrapper.pb-project"; name = "TouchJSON-iOS.xcodeproj"; path = "Vendor/TouchJSON/Support/TouchJSON-iOS.xcodeproj"; sourceTree = "<group>"; };
		BCC6E87B1360337C00BBA835 /* libTouchJSON.a */ = {isa = PBXFileReference; explicitFileType = archive.ar; path = libTouchJSON.a; sourceTree = SOURCE_ROOT; };
		BCC6E87E136034BA00BBA835 /* CJSONSerializer.h */ = {isa = PBXFileReference; fileEncoding = 4; lastKnownFileType = sourcecode.c.h; name = CJSONSerializer.h; path = ../Vendor/TouchJSON/Source/JSON/CJSONSerializer.h; sourceTree = "<group>"; };
/* End PBXFileReference section */

/* Begin PBXFrameworksBuildPhase section */
		BCB64287135D7F5000DA6256 /* Frameworks */ = {
			isa = PBXFrameworksBuildPhase;
			buildActionMask = 2147483647;
			files = (
				7929D9D7137B5AB800D3185B /* libstdc++.dylib in Frameworks */,
				BCC6E87C1360337C00BBA835 /* libTouchJSON.a in Frameworks */,
				BCC6E840135DE2EC00BBA835 /* CoreLocation.framework in Frameworks */,
				BCBD6728135D94C200B25825 /* CoreMotion.framework in Frameworks */,
				BCB6428F135D7F5000DA6256 /* UIKit.framework in Frameworks */,
				BCB64291135D7F5000DA6256 /* Foundation.framework in Frameworks */,
				BCB64293135D7F5000DA6256 /* CoreGraphics.framework in Frameworks */,
				7929D9D2137B572400D3185B /* libCouchbase-iphoneos.a in Frameworks */,
				7929D9D3137B572400D3185B /* libCouchbase-iphonesimulator.a in Frameworks */,
			);
			runOnlyForDeploymentPostprocessing = 0;
		};
/* End PBXFrameworksBuildPhase section */

/* Begin PBXGroup section */
		BCB6427F135D7F5000DA6256 = {
			isa = PBXGroup;
			children = (
				7929D9D6137B5AB800D3185B /* libstdc++.dylib */,
				BCC6E8701360336800BBA835 /* TouchJSON-iOS.xcodeproj */,
				BCBD6723135D8E4D00B25825 /* Default.png */,
				BCBD6724135D8E4D00B25825 /* Default@2x.png */,
				BCB64294135D7F5000DA6256 /* OnTheSpot */,
				BCC6E87D1360338E00BBA835 /* LIbraries */,
				BCB6428D135D7F5000DA6256 /* Frameworks */,
				BCB6428B135D7F5000DA6256 /* Products */,
			);
			sourceTree = "<group>";
		};
		BCB6428B135D7F5000DA6256 /* Products */ = {
			isa = PBXGroup;
			children = (
				BCB6428A135D7F5000DA6256 /* OnTheSpot.app */,
			);
			name = Products;
			sourceTree = "<group>";
		};
		BCB6428D135D7F5000DA6256 /* Frameworks */ = {
			isa = PBXGroup;
			children = (
				7929D9D0137B572400D3185B /* libCouchbase-iphoneos.a */,
				7929D9D1137B572400D3185B /* libCouchbase-iphonesimulator.a */,
				BCC6E83F135DE2EC00BBA835 /* CoreLocation.framework */,
				BCBD6727135D94C200B25825 /* CoreMotion.framework */,
				BCB6428E135D7F5000DA6256 /* UIKit.framework */,
				BCB64290135D7F5000DA6256 /* Foundation.framework */,
				BCB64292135D7F5000DA6256 /* CoreGraphics.framework */,
			);
			name = Frameworks;
			sourceTree = "<group>";
		};
		BCB64294135D7F5000DA6256 /* OnTheSpot */ = {
			isa = PBXGroup;
			children = (
				BCC6E87E136034BA00BBA835 /* CJSONSerializer.h */,
				79026EEC137EFD5A00939183 /* CDataScanner.h */,
				79026EED137EFD5A00939183 /* CJSONDeserializer.h */,
				79026EEA137EFD1D00939183 /* CJSONDeserializer.h */,
				7929D9C9137B558400D3185B /* Couchbase.h */,
				BCB6429D135D7F5000DA6256 /* OnTheSpotAppDelegate.h */,
				BCB6429E135D7F5000DA6256 /* OnTheSpotAppDelegate.m */,
				BCB642A0135D7F5000DA6256 /* MainWindow.xib */,
				BCB642A3135D7F5000DA6256 /* RootViewController.h */,
				BCB642A4135D7F5000DA6256 /* RootViewController.m */,
				BCB642A6135D7F5000DA6256 /* RootViewController.xib */,
				BC2F6354135DDF0600C63709 /* DetailViewController.h */,
				BC2F6355135DDF0600C63709 /* DetailViewController.m */,
				BC2F6356135DDF0600C63709 /* DetailViewController.xib */,
				BCB64295135D7F5000DA6256 /* Supporting Files */,
			);
			path = OnTheSpot;
			sourceTree = "<group>";
		};
		BCB64295135D7F5000DA6256 /* Supporting Files */ = {
			isa = PBXGroup;
			children = (
				7929D9D4137B574900D3185B /* Couchbase.bundle */,
				BCB64296135D7F5000DA6256 /* OnTheSpot-Info.plist */,
				BCB64297135D7F5000DA6256 /* InfoPlist.strings */,
				BCB6429A135D7F5000DA6256 /* OnTheSpot-Prefix.pch */,
				BCB6429B135D7F5000DA6256 /* main.m */,
			);
			name = "Supporting Files";
			sourceTree = "<group>";
		};
		BCC6E8711360336800BBA835 /* Products */ = {
			isa = PBXGroup;
			children = (
				BCC6E8781360336800BBA835 /* libTouchJSON.a */,
			);
			name = Products;
			sourceTree = "<group>";
		};
		BCC6E87D1360338E00BBA835 /* LIbraries */ = {
			isa = PBXGroup;
			children = (
				BCC6E87B1360337C00BBA835 /* libTouchJSON.a */,
			);
			name = LIbraries;
			sourceTree = "<group>";
		};
/* End PBXGroup section */

/* Begin PBXHeadersBuildPhase section */
		7929D9CA137B559A00D3185B /* Headers */ = {
			isa = PBXHeadersBuildPhase;
			buildActionMask = 2147483647;
			files = (
				7929D9CB137B55A300D3185B /* Couchbase.h in Headers */,
				79026EEB137EFD1D00939183 /* CJSONDeserializer.h in Headers */,
				79026EEE137EFD5A00939183 /* CDataScanner.h in Headers */,
				79026EEF137EFD5A00939183 /* CJSONDeserializer.h in Headers */,
			);
			runOnlyForDeploymentPostprocessing = 0;
		};
/* End PBXHeadersBuildPhase section */

/* Begin PBXNativeTarget section */
		BCB64289135D7F5000DA6256 /* OnTheSpot */ = {
			isa = PBXNativeTarget;
			buildConfigurationList = BCB642AB135D7F5000DA6256 /* Build configuration list for PBXNativeTarget "OnTheSpot" */;
			buildPhases = (
				BCB64286135D7F5000DA6256 /* Sources */,
				BCB64287135D7F5000DA6256 /* Frameworks */,
				BCB64288135D7F5000DA6256 /* Resources */,
				7929D9CA137B559A00D3185B /* Headers */,
			);
			buildRules = (
			);
			dependencies = (
				BCC6E87A1360337500BBA835 /* PBXTargetDependency */,
			);
			name = OnTheSpot;
			productName = OnTheSpot;
			productReference = BCB6428A135D7F5000DA6256 /* OnTheSpot.app */;
			productType = "com.apple.product-type.application";
		};
/* End PBXNativeTarget section */

/* Begin PBXProject section */
		BCB64281135D7F5000DA6256 /* Project object */ = {
			isa = PBXProject;
			attributes = {
				ORGANIZATIONNAME = "Alexis Hildebrandt";
			};
			buildConfigurationList = BCB64284135D7F5000DA6256 /* Build configuration list for PBXProject "OnTheSpot" */;
			compatibilityVersion = "Xcode 3.2";
			developmentRegion = English;
			hasScannedForEncodings = 0;
			knownRegions = (
				en,
			);
			mainGroup = BCB6427F135D7F5000DA6256;
			productRefGroup = BCB6428B135D7F5000DA6256 /* Products */;
			projectDirPath = "";
			projectReferences = (
				{
					ProductGroup = BCC6E8711360336800BBA835 /* Products */;
					ProjectRef = BCC6E8701360336800BBA835 /* TouchJSON-iOS.xcodeproj */;
				},
			);
			projectRoot = "";
			targets = (
				BCB64289135D7F5000DA6256 /* OnTheSpot */,
			);
		};
/* End PBXProject section */

/* Begin PBXReferenceProxy section */
		BCC6E8781360336800BBA835 /* libTouchJSON.a */ = {
			isa = PBXReferenceProxy;
			fileType = archive.ar;
			path = libTouchJSON.a;
			remoteRef = BCC6E8771360336800BBA835 /* PBXContainerItemProxy */;
			sourceTree = BUILT_PRODUCTS_DIR;
		};
/* End PBXReferenceProxy section */

/* Begin PBXResourcesBuildPhase section */
		BCB64288135D7F5000DA6256 /* Resources */ = {
			isa = PBXResourcesBuildPhase;
			buildActionMask = 2147483647;
			files = (
				BCB64299135D7F5000DA6256 /* InfoPlist.strings in Resources */,
				BCB642A2135D7F5000DA6256 /* MainWindow.xib in Resources */,
				BCB642A8135D7F5000DA6256 /* RootViewController.xib in Resources */,
				BCBD6725135D8E4D00B25825 /* Default.png in Resources */,
				BCBD6726135D8E4D00B25825 /* Default@2x.png in Resources */,
				BC2F6358135DDF0600C63709 /* DetailViewController.xib in Resources */,
				7929D9D5137B574900D3185B /* Couchbase.bundle in Resources */,
			);
			runOnlyForDeploymentPostprocessing = 0;
		};
/* End PBXResourcesBuildPhase section */

/* Begin PBXSourcesBuildPhase section */
		BCB64286135D7F5000DA6256 /* Sources */ = {
			isa = PBXSourcesBuildPhase;
			buildActionMask = 2147483647;
			files = (
				BCB6429C135D7F5000DA6256 /* main.m in Sources */,
				BCB6429F135D7F5000DA6256 /* OnTheSpotAppDelegate.m in Sources */,
				BCB642A5135D7F5000DA6256 /* RootViewController.m in Sources */,
				BC2F6357135DDF0600C63709 /* DetailViewController.m in Sources */,
			);
			runOnlyForDeploymentPostprocessing = 0;
		};
/* End PBXSourcesBuildPhase section */

/* Begin PBXTargetDependency section */
		BCC6E87A1360337500BBA835 /* PBXTargetDependency */ = {
			isa = PBXTargetDependency;
			name = TouchJSON;
			targetProxy = BCC6E8791360337500BBA835 /* PBXContainerItemProxy */;
		};
/* End PBXTargetDependency section */

/* Begin PBXVariantGroup section */
		BCB64297135D7F5000DA6256 /* InfoPlist.strings */ = {
			isa = PBXVariantGroup;
			children = (
				BCB64298135D7F5000DA6256 /* en */,
			);
			name = InfoPlist.strings;
			sourceTree = "<group>";
		};
		BCB642A0135D7F5000DA6256 /* MainWindow.xib */ = {
			isa = PBXVariantGroup;
			children = (
				BCB642A1135D7F5000DA6256 /* en */,
			);
			name = MainWindow.xib;
			sourceTree = "<group>";
		};
		BCB642A6135D7F5000DA6256 /* RootViewController.xib */ = {
			isa = PBXVariantGroup;
			children = (
				BCB642A7135D7F5000DA6256 /* en */,
			);
			name = RootViewController.xib;
			sourceTree = "<group>";
		};
/* End PBXVariantGroup section */

/* Begin XCBuildConfiguration section */
		BCB642A9135D7F5000DA6256 /* Debug */ = {
			isa = XCBuildConfiguration;
			buildSettings = {
				ARCHS = "$(ARCHS_STANDARD_32_BIT)";
				"CODE_SIGN_IDENTITY[sdk=iphoneos*]" = "iPhone Developer";
				GCC_C_LANGUAGE_STANDARD = gnu99;
				GCC_OPTIMIZATION_LEVEL = 0;
				GCC_PREPROCESSOR_DEFINITIONS = DEBUG;
				GCC_SYMBOLS_PRIVATE_EXTERN = NO;
				GCC_VERSION = com.apple.compilers.llvmgcc42;
				GCC_WARN_ABOUT_RETURN_TYPE = YES;
				GCC_WARN_UNUSED_VARIABLE = YES;
				IPHONEOS_DEPLOYMENT_TARGET = 4.3;
				SDKROOT = iphoneos;
			};
			name = Debug;
		};
		BCB642AA135D7F5000DA6256 /* Release */ = {
			isa = XCBuildConfiguration;
			buildSettings = {
				ARCHS = "$(ARCHS_STANDARD_32_BIT)";
				"CODE_SIGN_IDENTITY[sdk=iphoneos*]" = "iPhone Developer";
				GCC_C_LANGUAGE_STANDARD = gnu99;
				GCC_VERSION = com.apple.compilers.llvmgcc42;
				GCC_WARN_ABOUT_RETURN_TYPE = YES;
				GCC_WARN_UNUSED_VARIABLE = YES;
				IPHONEOS_DEPLOYMENT_TARGET = 4.3;
				OTHER_CFLAGS = "-DNS_BLOCK_ASSERTIONS=1";
				SDKROOT = iphoneos;
			};
			name = Release;
		};
		BCB642AC135D7F5000DA6256 /* Debug */ = {
			isa = XCBuildConfiguration;
			buildSettings = {
				ALWAYS_SEARCH_USER_PATHS = NO;
				COPY_PHASE_STRIP = NO;
				GCC_DYNAMIC_NO_PIC = NO;
				GCC_PRECOMPILE_PREFIX_HEADER = YES;
				GCC_PREFIX_HEADER = "OnTheSpot/OnTheSpot-Prefix.pch";
				INFOPLIST_FILE = "OnTheSpot/OnTheSpot-Info.plist";
				LIBRARY_SEARCH_PATHS = (
					"$(inherited)",
					"\"$(SRCROOT)\"",
					"\"$(SDKROOT)/usr/lib/gcc/arm-apple-darwin10/4.0.1\"",
				);
				PRODUCT_NAME = "$(TARGET_NAME)";
				TARGETED_DEVICE_FAMILY = 1;
				WRAPPER_EXTENSION = app;
			};
			name = Debug;
		};
		BCB642AD135D7F5000DA6256 /* Release */ = {
			isa = XCBuildConfiguration;
			buildSettings = {
				ALWAYS_SEARCH_USER_PATHS = NO;
				COPY_PHASE_STRIP = YES;
				GCC_PRECOMPILE_PREFIX_HEADER = YES;
				GCC_PREFIX_HEADER = "OnTheSpot/OnTheSpot-Prefix.pch";
				INFOPLIST_FILE = "OnTheSpot/OnTheSpot-Info.plist";
				LIBRARY_SEARCH_PATHS = (
					"$(inherited)",
					"\"$(SRCROOT)\"",
					"\"$(SDKROOT)/usr/lib/gcc/arm-apple-darwin10/4.0.1\"",
				);
				PRODUCT_NAME = "$(TARGET_NAME)";
				TARGETED_DEVICE_FAMILY = 1;
				VALIDATE_PRODUCT = YES;
				WRAPPER_EXTENSION = app;
			};
			name = Release;
		};
/* End XCBuildConfiguration section */

/* Begin XCConfigurationList section */
		BCB64284135D7F5000DA6256 /* Build configuration list for PBXProject "OnTheSpot" */ = {
			isa = XCConfigurationList;
			buildConfigurations = (
				BCB642A9135D7F5000DA6256 /* Debug */,
				BCB642AA135D7F5000DA6256 /* Release */,
			);
			defaultConfigurationIsVisible = 0;
			defaultConfigurationName = Release;
		};
		BCB642AB135D7F5000DA6256 /* Build configuration list for PBXNativeTarget "OnTheSpot" */ = {
			isa = XCConfigurationList;
			buildConfigurations = (
				BCB642AC135D7F5000DA6256 /* Debug */,
				BCB642AD135D7F5000DA6256 /* Release */,
			);
			defaultConfigurationIsVisible = 0;
			defaultConfigurationName = Release;
		};
/* End XCConfigurationList section */
	};
	rootObject = BCB64281135D7F5000DA6256 /* Project object */;
}
